github.com/davecgh/go-spew v1.1.1 h1:vj9j/u1bqnvCEfJOwUhtlOARqs3+rkHYY13jYWTU97c=
github.com/efficientgo/core v1.0.0-rc.2 h1:7j62qHLnrZqO3V3UA0AqOGd5d5aXV3AX6m/NZBHp78I=
github.com/efficientgo/core v1.0.0-rc.2/go.mod h1:FfGdkzWarkuzOlY04VY+bGfb1lWrjaL6x/GLcQ4vJps=
github.com/google/go-cmp v0.5.9 h1:O2Tfq5qg4qc4AmwVlvv0oLiVAGB7enBSJ2x2DqQFi38=
github.com/gorilla/websocket v1.5.0 h1:PPwGk2jz7EePpoHN/+ClbZu8SPxiqlu12wZP/3sWmnc=
github.com/gorilla/websocket v1.5.0/go.mod h1:YR8l580nyteQvAITg2hZ9XVh4b55+EU/adAjf1fMHhE=
